// !$*UTF8*$!
{
	archiveVersion = 1;
	classes = {
	};
	objectVersion = 77;
	objects = {

/* Begin PBXContainerItemProxy section */
		6BBC3A772D8E13970074B48F /* PBXContainerItemProxy */ = {
			isa = PBXContainerItemProxy;
			containerPortal = 6BBC3A552D8E13950074B48F /* Project object */;
			proxyType = 1;
			remoteGlobalIDString = 6BBC3A5C2D8E13950074B48F;
			remoteInfo = "Neural Maze";
		};
		6BBC3A812D8E13970074B48F /* PBXContainerItemProxy */ = {
			isa = PBXContainerItemProxy;
			containerPortal = 6BBC3A552D8E13950074B48F /* Project object */;
			proxyType = 1;
			remoteGlobalIDString = 6BBC3A5C2D8E13950074B48F;
			remoteInfo = "Neural Maze";
		};
/* End PBXContainerItemProxy section */

/* Begin PBXFileReference section */
		6BBC3A5D2D8E13950074B48F /* Neural Maze.app */ = {isa = PBXFileReference; explicitFileType = wrapper.application; includeInIndex = 0; path = "Neural Maze.app"; sourceTree = BUILT_PRODUCTS_DIR; };
		6BBC3A762D8E13970074B48F /* Neural MazeTests.xctest */ = {isa = PBXFileReference; explicitFileType = wrapper.cfbundle; includeInIndex = 0; path = "Neural MazeTests.xctest"; sourceTree = BUILT_PRODUCTS_DIR; };
		6BBC3A802D8E13970074B48F /* Neural MazeUITests.xctest */ = {isa = PBXFileReference; explicitFileType = wrapper.cfbundle; includeInIndex = 0; path = "Neural MazeUITests.xctest"; sourceTree = BUILT_PRODUCTS_DIR; };
/* End PBXFileReference section */

/* Begin PBXFileSystemSynchronizedRootGroup section */
		6BBC3A5F2D8E13950074B48F /* Neural Maze */ = {
			isa = PBXFileSystemSynchronizedRootGroup;
			path = "Neural Maze";
			sourceTree = "<group>";
		};
		6BBC3A792D8E13970074B48F /* Neural MazeTests */ = {
			isa = PBXFileSystemSynchronizedRootGroup;
			path = "Neural MazeTests";
			sourceTree = "<group>";
		};
		6BBC3A832D8E13970074B48F /* Neural MazeUITests */ = {
			isa = PBXFileSystemSynchronizedRootGroup;
			path = "Neural MazeUITests";
			sourceTree = "<group>";
		};
/* End PBXFileSystemSynchronizedRootGroup section */

/* Begin PBXFrameworksBuildPhase section */
		6BBC3A5A2D8E13950074B48F /* Frameworks */ = {
			isa = PBXFrameworksBuildPhase;
			buildActionMask = 2147483647;
			files = (
			);
			runOnlyForDeploymentPostprocessing = 0;
		};
		6BBC3A732D8E13970074B48F /* Frameworks */ = {
			isa = PBXFrameworksBuildPhase;
			buildActionMask = 2147483647;
			files = (
			);
			runOnlyForDeploymentPostprocessing = 0;
		};
		6BBC3A7D2D8E13970074B48F /* Frameworks */ = {
			isa = PBXFrameworksBuildPhase;
			buildActionMask = 2147483647;
			files = (
			);
			runOnlyForDeploymentPostprocessing = 0;
		};
/* End PBXFrameworksBuildPhase section */

/* Begin PBXGroup section */
		6BBC3A542D8E13950074B48F = {
			isa = PBXGroup;
			children = (
				6BBC3A5F2D8E13950074B48F /* Neural Maze */,
				6BBC3A792D8E13970074B48F /* Neural MazeTests */,
				6BBC3A832D8E13970074B48F /* Neural MazeUITests */,
				6BBC3A5E2D8E13950074B48F /* Products */,
			);
			sourceTree = "<group>";
		};
		6BBC3A5E2D8E13950074B48F /* Products */ = {
			isa = PBXGroup;
			children = (
				6BBC3A5D2D8E13950074B48F /* Neural Maze.app */,
				6BBC3A762D8E13970074B48F /* Neural MazeTests.xctest */,
				6BBC3A802D8E13970074B48F /* Neural MazeUITests.xctest */,
			);
			name = Products;
			sourceTree = "<group>";
		};
/* End PBXGroup section */

/* Begin PBXNativeTarget section */
		6BBC3A5C2D8E13950074B48F /* Neural Maze */ = {
			isa = PBXNativeTarget;
			buildConfigurationList = 6BBC3A8A2D8E13970074B48F /* Build configuration list for PBXNativeTarget "Neural Maze" */;
			buildPhases = (
				6BBC3A592D8E13950074B48F /* Sources */,
				6BBC3A5A2D8E13950074B48F /* Frameworks */,
				6BBC3A5B2D8E13950074B48F /* Resources */,
			);
			buildRules = (
			);
			dependencies = (
			);
			fileSystemSynchronizedGroups = (
				6BBC3A5F2D8E13950074B48F /* Neural Maze */,
			);
			name = "Neural Maze";
			packageProductDependencies = (
			);
			productName = "Neural Maze";
			productReference = 6BBC3A5D2D8E13950074B48F /* Neural Maze.app */;
			productType = "com.apple.product-type.application";
		};
		6BBC3A752D8E13970074B48F /* Neural MazeTests */ = {
			isa = PBXNativeTarget;
			buildConfigurationList = 6BBC3A8D2D8E13970074B48F /* Build configuration list for PBXNativeTarget "Neural MazeTests" */;
			buildPhases = (
				6BBC3A722D8E13970074B48F /* Sources */,
				6BBC3A732D8E13970074B48F /* Frameworks */,
				6BBC3A742D8E13970074B48F /* Resources */,
			);
			buildRules = (
			);
			dependencies = (
				6BBC3A782D8E13970074B48F /* PBXTargetDependency */,
			);
			fileSystemSynchronizedGroups = (
				6BBC3A792D8E13970074B48F /* Neural MazeTests */,
			);
			name = "Neural MazeTests";
			packageProductDependencies = (
			);
			productName = "Neural MazeTests";
			productReference = 6BBC3A762D8E13970074B48F /* Neural MazeTests.xctest */;
			productType = "com.apple.product-type.bundle.unit-test";
		};
		6BBC3A7F2D8E13970074B48F /* Neural MazeUITests */ = {
			isa = PBXNativeTarget;
			buildConfigurationList = 6BBC3A902D8E13970074B48F /* Build configuration list for PBXNativeTarget "Neural MazeUITests" */;
			buildPhases = (
				6BBC3A7C2D8E13970074B48F /* Sources */,
				6BBC3A7D2D8E13970074B48F /* Frameworks */,
				6BBC3A7E2D8E13970074B48F /* Resources */,
			);
			buildRules = (
			);
			dependencies = (
				6BBC3A822D8E13970074B48F /* PBXTargetDependency */,
			);
			fileSystemSynchronizedGroups = (
				6BBC3A832D8E13970074B48F /* Neural MazeUITests */,
			);
			name = "Neural MazeUITests";
			packageProductDependencies = (
			);
			productName = "Neural MazeUITests";
			productReference = 6BBC3A802D8E13970074B48F /* Neural MazeUITests.xctest */;
			productType = "com.apple.product-type.bundle.ui-testing";
		};
/* End PBXNativeTarget section */

/* Begin PBXProject section */
		6BBC3A552D8E13950074B48F /* Project object */ = {
			isa = PBXProject;
			attributes = {
				BuildIndependentTargetsInParallel = 1;
				LastSwiftUpdateCheck = 1620;
				LastUpgradeCheck = 1620;
				TargetAttributes = {
					6BBC3A5C2D8E13950074B48F = {
						CreatedOnToolsVersion = 16.2;
					};
					6BBC3A752D8E13970074B48F = {
						CreatedOnToolsVersion = 16.2;
						TestTargetID = 6BBC3A5C2D8E13950074B48F;
					};
					6BBC3A7F2D8E13970074B48F = {
						CreatedOnToolsVersion = 16.2;
						TestTargetID = 6BBC3A5C2D8E13950074B48F;
					};
				};
			};
			buildConfigurationList = 6BBC3A582D8E13950074B48F /* Build configuration list for PBXProject "Neural Maze" */;
			developmentRegion = en;
			hasScannedForEncodings = 0;
			knownRegions = (
				en,
				Base,
			);
			mainGroup = 6BBC3A542D8E13950074B48F;
			minimizedProjectReferenceProxies = 1;
			preferredProjectObjectVersion = 77;
			productRefGroup = 6BBC3A5E2D8E13950074B48F /* Products */;
			projectDirPath = "";
			projectRoot = "";
			targets = (
				6BBC3A5C2D8E13950074B48F /* Neural Maze */,
				6BBC3A752D8E13970074B48F /* Neural MazeTests */,
				6BBC3A7F2D8E13970074B48F /* Neural MazeUITests */,
			);
		};
/* End PBXProject section */

/* Begin PBXResourcesBuildPhase section */
		6BBC3A5B2D8E13950074B48F /* Resources */ = {
			isa = PBXResourcesBuildPhase;
			buildActionMask = 2147483647;
			files = (
			);
			runOnlyForDeploymentPostprocessing = 0;
		};
		6BBC3A742D8E13970074B48F /* Resources */ = {
			isa = PBXResourcesBuildPhase;
			buildActionMask = 2147483647;
			files = (
			);
			runOnlyForDeploymentPostprocessing = 0;
		};
		6BBC3A7E2D8E13970074B48F /* Resources */ = {
			isa = PBXResourcesBuildPhase;
			buildActionMask = 2147483647;
			files = (
			);
			runOnlyForDeploymentPostprocessing = 0;
		};
/* End PBXResourcesBuildPhase section */

/* Begin PBXSourcesBuildPhase section */
		6BBC3A592D8E13950074B48F /* Sources */ = {
			isa = PBXSourcesBuildPhase;
			buildActionMask = 2147483647;
			files = (
			);
			runOnlyForDeploymentPostprocessing = 0;
		};
		6BBC3A722D8E13970074B48F /* Sources */ = {
			isa = PBXSourcesBuildPhase;
			buildActionMask = 2147483647;
			files = (
			);
			runOnlyForDeploymentPostprocessing = 0;
		};
		6BBC3A7C2D8E13970074B48F /* Sources */ = {
			isa = PBXSourcesBuildPhase;
			buildActionMask = 2147483647;
			files = (
			);
			runOnlyForDeploymentPostprocessing = 0;
		};
/* End PBXSourcesBuildPhase section */

/* Begin PBXTargetDependency section */
		6BBC3A782D8E13970074B48F /* PBXTargetDependency */ = {
			isa = PBXTargetDependency;
			target = 6BBC3A5C2D8E13950074B48F /* Neural Maze */;
			targetProxy = 6BBC3A772D8E13970074B48F /* PBXContainerItemProxy */;
		};
		6BBC3A822D8E13970074B48F /* PBXTargetDependency */ = {
			isa = PBXTargetDependency;
			target = 6BBC3A5C2D8E13950074B48F /* Neural Maze */;
			targetProxy = 6BBC3A812D8E13970074B48F /* PBXContainerItemProxy */;
		};
/* End PBXTargetDependency section */

/* Begin XCBuildConfiguration section */
		6BBC3A882D8E13970074B48F /* Debug */ = {
			isa = XCBuildConfiguration;
			buildSettings = {
				ALWAYS_SEARCH_USER_PATHS = NO;
				ASSETCATALOG_COMPILER_GENERATE_SWIFT_ASSET_SYMBOL_EXTENSIONS = YES;
				CLANG_ANALYZER_NONNULL = YES;
				CLANG_ANALYZER_NUMBER_OBJECT_CONVERSION = YES_AGGRESSIVE;
				CLANG_CXX_LANGUAGE_STANDARD = "gnu++20";
				CLANG_ENABLE_MODULES = YES;
				CLANG_ENABLE_OBJC_ARC = YES;
				CLANG_ENABLE_OBJC_WEAK = YES;
				CLANG_WARN_BLOCK_CAPTURE_AUTORELEASING = YES;
				CLANG_WARN_BOOL_CONVERSION = YES;
				CLANG_WARN_COMMA = YES;
				CLANG_WARN_CONSTANT_CONVERSION = YES;
				CLANG_WARN_DEPRECATED_OBJC_IMPLEMENTATIONS = YES;
				CLANG_WARN_DIRECT_OBJC_ISA_USAGE = YES_ERROR;
				CLANG_WARN_DOCUMENTATION_COMMENTS = YES;
				CLANG_WARN_EMPTY_BODY = YES;
				CLANG_WARN_ENUM_CONVERSION = YES;
				CLANG_WARN_INFINITE_RECURSION = YES;
				CLANG_WARN_INT_CONVERSION = YES;
				CLANG_WARN_NON_LITERAL_NULL_CONVERSION = YES;
				CLANG_WARN_OBJC_IMPLICIT_RETAIN_SELF = YES;
				CLANG_WARN_OBJC_LITERAL_CONVERSION = YES;
				CLANG_WARN_OBJC_ROOT_CLASS = YES_ERROR;
				CLANG_WARN_QUOTED_INCLUDE_IN_FRAMEWORK_HEADER = YES;
				CLANG_WARN_RANGE_LOOP_ANALYSIS = YES;
				CLANG_WARN_STRICT_PROTOTYPES = YES;
				CLANG_WARN_SUSPICIOUS_MOVE = YES;
				CLANG_WARN_UNGUARDED_AVAILABILITY = YES_AGGRESSIVE;
				CLANG_WARN_UNREACHABLE_CODE = YES;
				CLANG_WARN__DUPLICATE_METHOD_MATCH = YES;
				COPY_PHASE_STRIP = NO;
				DEBUG_INFORMATION_FORMAT = dwarf;
				ENABLE_STRICT_OBJC_MSGSEND = YES;
				ENABLE_TESTABILITY = YES;
				ENABLE_USER_SCRIPT_SANDBOXING = YES;
				GCC_C_LANGUAGE_STANDARD = gnu17;
				GCC_DYNAMIC_NO_PIC = NO;
				GCC_NO_COMMON_BLOCKS = YES;
				GCC_OPTIMIZATION_LEVEL = 0;
				GCC_PREPROCESSOR_DEFINITIONS = (
					"DEBUG=1",
					"$(inherited)",
				);
				GCC_WARN_64_TO_32_BIT_CONVERSION = YES;
				GCC_WARN_ABOUT_RETURN_TYPE = YES_ERROR;
				GCC_WARN_UNDECLARED_SELECTOR = YES;
				GCC_WARN_UNINITIALIZED_AUTOS = YES_AGGRESSIVE;
				GCC_WARN_UNUSED_FUNCTION = YES;
				GCC_WARN_UNUSED_VARIABLE = YES;
				IPHONEOS_DEPLOYMENT_TARGET = 18.2;
				LOCALIZATION_PREFERS_STRING_CATALOGS = YES;
				MTL_ENABLE_DEBUG_INFO = INCLUDE_SOURCE;
				MTL_FAST_MATH = YES;
				ONLY_ACTIVE_ARCH = YES;
				SDKROOT = iphoneos;
				SWIFT_ACTIVE_COMPILATION_CONDITIONS = "DEBUG $(inherited)";
				SWIFT_OPTIMIZATION_LEVEL = "-Onone";
			};
			name = Debug;
		};
		6BBC3A892D8E13970074B48F /* Release */ = {
			isa = XCBuildConfiguration;
			buildSettings = {
				ALWAYS_SEARCH_USER_PATHS = NO;
				ASSETCATALOG_COMPILER_GENERATE_SWIFT_ASSET_SYMBOL_EXTENSIONS = YES;
				CLANG_ANALYZER_NONNULL = YES;
				CLANG_ANALYZER_NUMBER_OBJECT_CONVERSION = YES_AGGRESSIVE;
				CLANG_CXX_LANGUAGE_STANDARD = "gnu++20";
				CLANG_ENABLE_MODULES = YES;
				CLANG_ENABLE_OBJC_ARC = YES;
				CLANG_ENABLE_OBJC_WEAK = YES;
				CLANG_WARN_BLOCK_CAPTURE_AUTORELEASING = YES;
				CLANG_WARN_BOOL_CONVERSION = YES;
				CLANG_WARN_COMMA = YES;
				CLANG_WARN_CONSTANT_CONVERSION = YES;
				CLANG_WARN_DEPRECATED_OBJC_IMPLEMENTATIONS = YES;
				CLANG_WARN_DIRECT_OBJC_ISA_USAGE = YES_ERROR;
				CLANG_WARN_DOCUMENTATION_COMMENTS = YES;
				CLANG_WARN_EMPTY_BODY = YES;
				CLANG_WARN_ENUM_CONVERSION = YES;
				CLANG_WARN_INFINITE_RECURSION = YES;
				CLANG_WARN_INT_CONVERSION = YES;
				CLANG_WARN_NON_LITERAL_NULL_CONVERSION = YES;
				CLANG_WARN_OBJC_IMPLICIT_RETAIN_SELF = YES;
				CLANG_WARN_OBJC_LITERAL_CONVERSION = YES;
				CLANG_WARN_OBJC_ROOT_CLASS = YES_ERROR;
				CLANG_WARN_QUOTED_INCLUDE_IN_FRAMEWORK_HEADER = YES;
				CLANG_WARN_RANGE_LOOP_ANALYSIS = YES;
				CLANG_WARN_STRICT_PROTOTYPES = YES;
				CLANG_WARN_SUSPICIOUS_MOVE = YES;
				CLANG_WARN_UNGUARDED_AVAILABILITY = YES_AGGRESSIVE;
				CLANG_WARN_UNREACHABLE_CODE = YES;
				CLANG_WARN__DUPLICATE_METHOD_MATCH = YES;
				COPY_PHASE_STRIP = NO;
				DEBUG_INFORMATION_FORMAT = "dwarf-with-dsym";
				ENABLE_NS_ASSERTIONS = NO;
				ENABLE_STRICT_OBJC_MSGSEND = YES;
				ENABLE_USER_SCRIPT_SANDBOXING = YES;
				GCC_C_LANGUAGE_STANDARD = gnu17;
				GCC_NO_COMMON_BLOCKS = YES;
				GCC_WARN_64_TO_32_BIT_CONVERSION = YES;
				GCC_WARN_ABOUT_RETURN_TYPE = YES_ERROR;
				GCC_WARN_UNDECLARED_SELECTOR = YES;
				GCC_WARN_UNINITIALIZED_AUTOS = YES_AGGRESSIVE;
				GCC_WARN_UNUSED_FUNCTION = YES;
				GCC_WARN_UNUSED_VARIABLE = YES;
				IPHONEOS_DEPLOYMENT_TARGET = 18.2;
				LOCALIZATION_PREFERS_STRING_CATALOGS = YES;
				MTL_ENABLE_DEBUG_INFO = NO;
				MTL_FAST_MATH = YES;
				SDKROOT = iphoneos;
				SWIFT_COMPILATION_MODE = wholemodule;
				VALIDATE_PRODUCT = YES;
			};
			name = Release;
		};
		6BBC3A8B2D8E13970074B48F /* Debug */ = {
			isa = XCBuildConfiguration;
			buildSettings = {
				ASSETCATALOG_COMPILER_APPICON_NAME = AppIcon;
				ASSETCATALOG_COMPILER_GLOBAL_ACCENT_COLOR_NAME = AccentColor;
				CODE_SIGN_STYLE = Automatic;
				CURRENT_PROJECT_VERSION = 1;
				DEVELOPMENT_TEAM = 9D4S385664;
				GENERATE_INFOPLIST_FILE = YES;
				INFOPLIST_KEY_LSApplicationCategoryType = "public.app-category.games";
				INFOPLIST_KEY_UIApplicationSupportsIndirectInputEvents = YES;
				INFOPLIST_KEY_UILaunchStoryboardName = LaunchScreen;
				INFOPLIST_KEY_UIMainStoryboardFile = Main;
				INFOPLIST_KEY_UIStatusBarHidden = YES;
				INFOPLIST_KEY_UISupportedInterfaceOrientations_iPad = "UIInterfaceOrientationPortrait UIInterfaceOrientationPortraitUpsideDown UIInterfaceOrientationLandscapeLeft UIInterfaceOrientationLandscapeRight";
				INFOPLIST_KEY_UISupportedInterfaceOrientations_iPhone = "UIInterfaceOrientationPortrait UIInterfaceOrientationLandscapeLeft UIInterfaceOrientationLandscapeRight";
				LD_RUNPATH_SEARCH_PATHS = (
					"$(inherited)",
					"@executable_path/Frameworks",
				);
				MARKETING_VERSION = 1.0;
				PRODUCT_BUNDLE_IDENTIFIER = "com.sharmahemang.Neural-Maze";
				PRODUCT_NAME = "$(TARGET_NAME)";
				SWIFT_EMIT_LOC_STRINGS = YES;
				SWIFT_VERSION = 5.0;
				TARGETED_DEVICE_FAMILY = "1,2";
			};
			name = Debug;
		};
		6BBC3A8C2D8E13970074B48F /* Release */ = {
			isa = XCBuildConfiguration;
			buildSettings = {
				ASSETCATALOG_COMPILER_APPICON_NAME = AppIcon;
				ASSETCATALOG_COMPILER_GLOBAL_ACCENT_COLOR_NAME = AccentColor;
				CODE_SIGN_STYLE = Automatic;
				CURRENT_PROJECT_VERSION = 1;
				DEVELOPMENT_TEAM = 9D4S385664;
				GENERATE_INFOPLIST_FILE = YES;
				INFOPLIST_KEY_LSApplicationCategoryType = "public.app-category.games";
				INFOPLIST_KEY_UIApplicationSupportsIndirectInputEvents = YES;
				INFOPLIST_KEY_UILaunchStoryboardName = LaunchScreen;
				INFOPLIST_KEY_UIMainStoryboardFile = Main;
				INFOPLIST_KEY_UIStatusBarHidden = YES;
				INFOPLIST_KEY_UISupportedInterfaceOrientations_iPad = "UIInterfaceOrientationPortrait UIInterfaceOrientationPortraitUpsideDown UIInterfaceOrientationLandscapeLeft UIInterfaceOrientationLandscapeRight";
				INFOPLIST_KEY_UISupportedInterfaceOrientations_iPhone = "UIInterfaceOrientationPortrait UIInterfaceOrientationLandscapeLeft UIInterfaceOrientationLandscapeRight";
				LD_RUNPATH_SEARCH_PATHS = (
					"$(inherited)",
					"@executable_path/Frameworks",
				);
				MARKETING_VERSION = 1.0;
				PRODUCT_BUNDLE_IDENTIFIER = "com.sharmahemang.Neural-Maze";
				PRODUCT_NAME = "$(TARGET_NAME)";
				SWIFT_EMIT_LOC_STRINGS = YES;
				SWIFT_VERSION = 5.0;
				TARGETED_DEVICE_FAMILY = "1,2";
			};
			name = Release;
		};
		6BBC3A8E2D8E13970074B48F /* Debug */ = {
			isa = XCBuildConfiguration;
			buildSettings = {
				BUNDLE_LOADER = "$(TEST_HOST)";
				CODE_SIGN_STYLE = Automatic;
				CURRENT_PROJECT_VERSION = 1;
				GENERATE_INFOPLIST_FILE = YES;
				IPHONEOS_DEPLOYMENT_TARGET = 18.2;
				MARKETING_VERSION = 1.0;
				PRODUCT_BUNDLE_IDENTIFIER = "com.sharmahemang.Neural-MazeTests";
				PRODUCT_NAME = "$(TARGET_NAME)";
				SWIFT_EMIT_LOC_STRINGS = NO;
				SWIFT_VERSION = 5.0;
				TARGETED_DEVICE_FAMILY = "1,2";
				TEST_HOST = "$(BUILT_PRODUCTS_DIR)/Neural Maze.app/$(BUNDLE_EXECUTABLE_FOLDER_PATH)/Neural Maze";
			};
			name = Debug;
		};
		6BBC3A8F2D8E13970074B48F /* Release */ = {
			isa = XCBuildConfiguration;
			buildSettings = {
				BUNDLE_LOADER = "$(TEST_HOST)";
				CODE_SIGN_STYLE = Automatic;
				CURRENT_PROJECT_VERSION = 1;
				GENERATE_INFOPLIST_FILE = YES;
				IPHONEOS_DEPLOYMENT_TARGET = 18.2;
				MARKETING_VERSION = 1.0;
				PRODUCT_BUNDLE_IDENTIFIER = "com.sharmahemang.Neural-MazeTests";
				PRODUCT_NAME = "$(TARGET_NAME)";
				SWIFT_EMIT_LOC_STRINGS = NO;
				SWIFT_VERSION = 5.0;
				TARGETED_DEVICE_FAMILY = "1,2";
				TEST_HOST = "$(BUILT_PRODUCTS_DIR)/Neural Maze.app/$(BUNDLE_EXECUTABLE_FOLDER_PATH)/Neural Maze";
			};
			name = Release;
		};
		6BBC3A912D8E13970074B48F /* Debug */ = {
			isa = XCBuildConfiguration;
			buildSettings = {
				CODE_SIGN_STYLE = Automatic;
				CURRENT_PROJECT_VERSION = 1;
				GENERATE_INFOPLIST_FILE = YES;
				MARKETING_VERSION = 1.0;
				PRODUCT_BUNDLE_IDENTIFIER = "com.sharmahemang.Neural-MazeUITests";
				PRODUCT_NAME = "$(TARGET_NAME)";
				SWIFT_EMIT_LOC_STRINGS = NO;
				SWIFT_VERSION = 5.0;
				TARGETED_DEVICE_FAMILY = "1,2";
				TEST_TARGET_NAME = "Neural Maze";
			};
			name = Debug;
		};
		6BBC3A922D8E13970074B48F /* Release */ = {
			isa = XCBuildConfiguration;
			buildSettings = {
				CODE_SIGN_STYLE = Automatic;
				CURRENT_PROJECT_VERSION = 1;
				GENERATE_INFOPLIST_FILE = YES;
				MARKETING_VERSION = 1.0;
				PRODUCT_BUNDLE_IDENTIFIER = "com.sharmahemang.Neural-MazeUITests";
				PRODUCT_NAME = "$(TARGET_NAME)";
				SWIFT_EMIT_LOC_STRINGS = NO;
				SWIFT_VERSION = 5.0;
				TARGETED_DEVICE_FAMILY = "1,2";
				TEST_TARGET_NAME = "Neural Maze";
			};
			name = Release;
		};
/* End XCBuildConfiguration section */

/* Begin XCConfigurationList section */
		6BBC3A582D8E13950074B48F /* Build configuration list for PBXProject "Neural Maze" */ = {
			isa = XCConfigurationList;
			buildConfigurations = (
				6BBC3A882D8E13970074B48F /* Debug */,
				6BBC3A892D8E13970074B48F /* Release */,
			);
			defaultConfigurationIsVisible = 0;
			defaultConfigurationName = Release;
		};
		6BBC3A8A2D8E13970074B48F /* Build configuration list for PBXNativeTarget "Neural Maze" */ = {
			isa = XCConfigurationList;
			buildConfigurations = (
				6BBC3A8B2D8E13970074B48F /* Debug */,
				6BBC3A8C2D8E13970074B48F /* Release */,
			);
			defaultConfigurationIsVisible = 0;
			defaultConfigurationName = Release;
		};
		6BBC3A8D2D8E13970074B48F /* Build configuration list for PBXNativeTarget "Neural MazeTests" */ = {
			isa = XCConfigurationList;
			buildConfigurations = (
				6BBC3A8E2D8E13970074B48F /* Debug */,
				6BBC3A8F2D8E13970074B48F /* Release */,
			);
			defaultConfigurationIsVisible = 0;
			defaultConfigurationName = Release;
		};
		6BBC3A902D8E13970074B48F /* Build configuration list for PBXNativeTarget "Neural MazeUITests" */ = {
			isa = XCConfigurationList;
			buildConfigurations = (
				6BBC3A912D8E13970074B48F /* Debug */,
				6BBC3A922D8E13970074B48F /* Release */,
			);
			defaultConfigurationIsVisible = 0;
			defaultConfigurationName = Release;
		};
/* End XCConfigurationList section */
	};
	rootObject = 6BBC3A552D8E13950074B48F /* Project object */;
}
